// !$*UTF8*$!
{
	archiveVersion = 1;
	classes = {
	};
	objectVersion = 56;
	objects = {

/* Begin PBXBuildFile section */
		A1000001 /* StokzApp.swift in Sources */ = {isa = PBXBuildFile; fileRef = A2000001 /* StokzApp.swift */; };
		A1000002 /* ContentView.swift in Sources */ = {isa = PBXBuildFile; fileRef = A2000002 /* ContentView.swift */; };
		A1000003 /* Assets.xcassets in Resources */ = {isa = PBXBuildFile; fileRef = A2000003 /* Assets.xcassets */; };
		A1000027 /* stock_data_bundle.json in Resources */ = {isa = PBXBuildFile; fileRef = A2000027 /* stock_data_bundle.json */; };
		A1000004 /* Models.swift in Sources */ = {isa = PBXBuildFile; fileRef = A2000004 /* Models.swift */; };
		A1000005 /* PortfolioManager.swift in Sources */ = {isa = PBXBuildFile; fileRef = A2000005 /* PortfolioManager.swift */; };
		A1000006 /* GoogleSheetsService.swift in Sources */ = {isa = PBXBuildFile; fileRef = A2000006 /* GoogleSheetsService.swift */; };
		A1000007 /* StockPriceService.swift in Sources */ = {isa = PBXBuildFile; fileRef = A2000007 /* StockPriceService.swift */; };
		A1000008 /* AuthenticationService.swift in Sources */ = {isa = PBXBuildFile; fileRef = A2000008 /* AuthenticationService.swift */; };
		A1000009 /* PortfolioView.swift in Sources */ = {isa = PBXBuildFile; fileRef = A2000009 /* PortfolioView.swift */; };
		A1000010 /* UsersView.swift in Sources */ = {isa = PBXBuildFile; fileRef = A2000010 /* UsersView.swift */; };
		A1000011 /* StocksView.swift in Sources */ = {isa = PBXBuildFile; fileRef = A2000011 /* StocksView.swift */; };
		A1000012 /* LeaderboardView.swift in Sources */ = {isa = PBXBuildFile; fileRef = A2000012 /* LeaderboardView.swift */; };
		A1000013 /* PerformanceChartView.swift in Sources */ = {isa = PBXBuildFile; fileRef = A2000013 /* PerformanceChartView.swift */; };
		A1000014 /* StockRowView.swift in Sources */ = {isa = PBXBuildFile; fileRef = A2000014 /* StockRowView.swift */; };
		A1000015 /* UserRowView.swift in Sources */ = {isa = PBXBuildFile; fileRef = A2000015 /* UserRowView.swift */; };
		A1000016 /* AddStockView.swift in Sources */ = {isa = PBXBuildFile; fileRef = A2000016 /* AddStockView.swift */; };
		A1000017 /* AdjustAllocationView.swift in Sources */ = {isa = PBXBuildFile; fileRef = A2000017 /* AdjustAllocationView.swift */; };
		A1000018 /* UserPortfolioView.swift in Sources */ = {isa = PBXBuildFile; fileRef = A2000018 /* UserPortfolioView.swift */; };
		A1000019 /* AppState.swift in Sources */ = {isa = PBXBuildFile; fileRef = A2000019 /* AppState.swift */; };
		A1000020 /* Extensions.swift in Sources */ = {isa = PBXBuildFile; fileRef = A2000020 /* Extensions.swift */; };
		A1000021 /* Logger.swift in Sources */ = {isa = PBXBuildFile; fileRef = A2000022 /* Logger.swift */; };
		A1000025 /* LocalLLMService.swift in Sources */ = {isa = PBXBuildFile; fileRef = A2000025 /* LocalLLMService.swift */; };
		A1000026 /* AIContext.swift in Sources */ = {isa = PBXBuildFile; fileRef = A2000026 /* AIContext.swift */; };
		A1000028 /* StockDataService.swift in Sources */ = {isa = PBXBuildFile; fileRef = A2000028 /* StockDataService.swift */; };
		A1000024 /* SettingsView.swift in Sources */ = {isa = PBXBuildFile; fileRef = A2000024 /* SettingsView.swift */; };
		A1000029 /* StockDiscoveryView.swift in Sources */ = {isa = PBXBuildFile; fileRef = A2000029 /* StockDiscoveryView.swift */; };
		A1000030 /* LlamaContext.swift in Sources */ = {isa = PBXBuildFile; fileRef = A2000030 /* LlamaContext.swift */; };
		A1000031 /* llama.xcframework in Frameworks */ = {isa = PBXBuildFile; fileRef = A2000031 /* llama.xcframework */; };
		A1000032 /* llama.xcframework in Embed Frameworks */ = {isa = PBXBuildFile; fileRef = A2000031 /* llama.xcframework */; settings = {ATTRIBUTES = (CodeSignOnCopy, RemoveHeadersOnCopy, ); }; };
/* End PBXBuildFile section */

/* Begin PBXCopyFilesBuildPhase section */
		A3000004 /* Embed Frameworks */ = {
			isa = PBXCopyFilesBuildPhase;
			buildActionMask = 2147483647;
			dstPath = "";
			dstSubfolderSpec = 10;
			files = (
				A1000032 /* llama.xcframework in Embed Frameworks */,
			);
			name = "Embed Frameworks";
			runOnlyForDeploymentPostprocessing = 0;
		};
/* End PBXCopyFilesBuildPhase section */

/* Begin PBXFileReference section */
		A2000000 /* Stokz.app */ = {isa = PBXFileReference; explicitFileType = wrapper.application; includeInIndex = 0; path = Stokz.app; sourceTree = BUILT_PRODUCTS_DIR; };
		A2000001 /* StokzApp.swift */ = {isa = PBXFileReference; lastKnownFileType = sourcecode.swift; path = StokzApp.swift; sourceTree = "<group>"; };
		A2000002 /* ContentView.swift */ = {isa = PBXFileReference; lastKnownFileType = sourcecode.swift; path = ContentView.swift; sourceTree = "<group>"; };
		A2000003 /* Assets.xcassets */ = {isa = PBXFileReference; lastKnownFileType = folder.assetcatalog; path = Assets.xcassets; sourceTree = "<group>"; };
		A2000004 /* Models.swift */ = {isa = PBXFileReference; lastKnownFileType = sourcecode.swift; path = Models.swift; sourceTree = "<group>"; };
		A2000005 /* PortfolioManager.swift */ = {isa = PBXFileReference; lastKnownFileType = sourcecode.swift; path = PortfolioManager.swift; sourceTree = "<group>"; };
		A2000006 /* GoogleSheetsService.swift */ = {isa = PBXFileReference; lastKnownFileType = sourcecode.swift; path = GoogleSheetsService.swift; sourceTree = "<group>"; };
		A2000007 /* StockPriceService.swift */ = {isa = PBXFileReference; lastKnownFileType = sourcecode.swift; path = StockPriceService.swift; sourceTree = "<group>"; };
		A2000008 /* AuthenticationService.swift */ = {isa = PBXFileReference; lastKnownFileType = sourcecode.swift; path = AuthenticationService.swift; sourceTree = "<group>"; };
		A2000009 /* PortfolioView.swift */ = {isa = PBXFileReference; lastKnownFileType = sourcecode.swift; path = PortfolioView.swift; sourceTree = "<group>"; };
		A2000010 /* UsersView.swift */ = {isa = PBXFileReference; lastKnownFileType = sourcecode.swift; path = UsersView.swift; sourceTree = "<group>"; };
		A2000011 /* StocksView.swift */ = {isa = PBXFileReference; lastKnownFileType = sourcecode.swift; path = StocksView.swift; sourceTree = "<group>"; };
		A2000012 /* LeaderboardView.swift */ = {isa = PBXFileReference; lastKnownFileType = sourcecode.swift; path = LeaderboardView.swift; sourceTree = "<group>"; };
		A2000013 /* PerformanceChartView.swift */ = {isa = PBXFileReference; lastKnownFileType = sourcecode.swift; path = PerformanceChartView.swift; sourceTree = "<group>"; };
		A2000014 /* StockRowView.swift */ = {isa = PBXFileReference; lastKnownFileType = sourcecode.swift; path = StockRowView.swift; sourceTree = "<group>"; };
		A2000015 /* UserRowView.swift */ = {isa = PBXFileReference; lastKnownFileType = sourcecode.swift; path = UserRowView.swift; sourceTree = "<group>"; };
		A2000016 /* AddStockView.swift */ = {isa = PBXFileReference; lastKnownFileType = sourcecode.swift; path = AddStockView.swift; sourceTree = "<group>"; };
		A2000017 /* AdjustAllocationView.swift */ = {isa = PBXFileReference; lastKnownFileType = sourcecode.swift; path = AdjustAllocationView.swift; sourceTree = "<group>"; };
		A2000018 /* UserPortfolioView.swift */ = {isa = PBXFileReference; lastKnownFileType = sourcecode.swift; path = UserPortfolioView.swift; sourceTree = "<group>"; };
		A2000019 /* AppState.swift */ = {isa = PBXFileReference; lastKnownFileType = sourcecode.swift; path = AppState.swift; sourceTree = "<group>"; };
		A2000020 /* Extensions.swift */ = {isa = PBXFileReference; lastKnownFileType = sourcecode.swift; path = Extensions.swift; sourceTree = "<group>"; };
		A2000021 /* Info.plist */ = {isa = PBXFileReference; lastKnownFileType = text.plist.xml; path = Info.plist; sourceTree = "<group>"; };
		A2000022 /* Logger.swift */ = {isa = PBXFileReference; lastKnownFileType = sourcecode.swift; path = Logger.swift; sourceTree = "<group>"; };
		A2000025 /* LocalLLMService.swift */ = {isa = PBXFileReference; lastKnownFileType = sourcecode.swift; path = LocalLLMService.swift; sourceTree = "<group>"; };
		A2000026 /* AIContext.swift */ = {isa = PBXFileReference; lastKnownFileType = sourcecode.swift; path = AIContext.swift; sourceTree = "<group>"; };
		A2000024 /* SettingsView.swift */ = {isa = PBXFileReference; lastKnownFileType = sourcecode.swift; path = SettingsView.swift; sourceTree = "<group>"; };
		A2000027 /* stock_data_bundle.json */ = {isa = PBXFileReference; lastKnownFileType = text.json; path = stock_data_bundle.json; sourceTree = "<group>"; };
		A2000028 /* StockDataService.swift */ = {isa = PBXFileReference; lastKnownFileType = sourcecode.swift; path = StockDataService.swift; sourceTree = "<group>"; };
		A2000029 /* StockDiscoveryView.swift */ = {isa = PBXFileReference; lastKnownFileType = sourcecode.swift; path = StockDiscoveryView.swift; sourceTree = "<group>"; };
		A2000030 /* LlamaContext.swift */ = {isa = PBXFileReference; lastKnownFileType = sourcecode.swift; path = LlamaContext.swift; sourceTree = "<group>"; };
		A2000031 /* llama.xcframework */ = {isa = PBXFileReference; lastKnownFileType = wrapper.xcframework; path = llama.xcframework; sourceTree = "<group>"; };
/* End PBXFileReference section */

/* Begin PBXFrameworksBuildPhase section */
		A3000001 /* Frameworks */ = {
			isa = PBXFrameworksBuildPhase;
			buildActionMask = 2147483647;
			files = (
				A1000031 /* llama.xcframework in Frameworks */,
			);
			runOnlyForDeploymentPostprocessing = 0;
		};
/* End PBXFrameworksBuildPhase section */

/* Begin PBXGroup section */
		A4000000 = {
			isa = PBXGroup;
			children = (
				A4000001 /* Stokz */,
				A4000007 /* Frameworks */,
				A4000002 /* Products */,
			);
			sourceTree = "<group>";
		};
		A4000007 /* Frameworks */ = {
			isa = PBXGroup;
			children = (
				A2000031 /* llama.xcframework */,
			);
			name = Frameworks;
			path = Frameworks;
			sourceTree = "<group>";
		};
		A4000001 /* Stokz */ = {
			isa = PBXGroup;
			children = (
				A2000001 /* StokzApp.swift */,
				A2000002 /* ContentView.swift */,
				A2000019 /* AppState.swift */,
				A4000003 /* Models */,
				A4000004 /* Services */,
				A4000005 /* Views */,
				A4000006 /* Components */,
				A2000020 /* Extensions.swift */,
				A2000003 /* Assets.xcassets */,
				A2000021 /* Info.plist */,
				A2000027 /* stock_data_bundle.json */,
			);
			path = Stokz;
			sourceTree = "<group>";
		};
		A4000002 /* Products */ = {
			isa = PBXGroup;
			children = (
				A2000000 /* Stokz.app */,
			);
			name = Products;
			sourceTree = "<group>";
		};
		A4000003 /* Models */ = {
			isa = PBXGroup;
			children = (
				A2000004 /* Models.swift */,
			);
			path = Models;
			sourceTree = "<group>";
		};
		A4000004 /* Services */ = {
			isa = PBXGroup;
			children = (
				A2000005 /* PortfolioManager.swift */,
				A2000006 /* GoogleSheetsService.swift */,
				A2000007 /* StockPriceService.swift */,
				A2000008 /* AuthenticationService.swift */,
				A2000022 /* Logger.swift */,
				A2000025 /* LocalLLMService.swift */,
				A2000026 /* AIContext.swift */,
				A2000028 /* StockDataService.swift */,
				A2000030 /* LlamaContext.swift */,
			);
			path = Services;
			sourceTree = "<group>";
		};
		A4000005 /* Views */ = {
			isa = PBXGroup;
			children = (
				A2000009 /* PortfolioView.swift */,
				A2000010 /* UsersView.swift */,
				A2000011 /* StocksView.swift */,
				A2000012 /* LeaderboardView.swift */,
				A2000013 /* PerformanceChartView.swift */,
				A2000016 /* AddStockView.swift */,
				A2000017 /* AdjustAllocationView.swift */,
				A2000018 /* UserPortfolioView.swift */,
				A2000024 /* SettingsView.swift */,
				A2000029 /* StockDiscoveryView.swift */,
			);
			path = Views;
			sourceTree = "<group>";
		};
		A4000006 /* Components */ = {
			isa = PBXGroup;
			children = (
				A2000014 /* StockRowView.swift */,
				A2000015 /* UserRowView.swift */,
			);
			path = Components;
			sourceTree = "<group>";
		};
/* End PBXGroup section */

/* Begin PBXNativeTarget section */
		A5000001 /* Stokz */ = {
			isa = PBXNativeTarget;
			buildConfigurationList = A6000001 /* Build configuration list for PBXNativeTarget "Stokz" */;
			buildPhases = (
				A3000002 /* Sources */,
				A3000001 /* Frameworks */,
				A3000003 /* Resources */,
				A3000004 /* Embed Frameworks */,
			);
			buildRules = (
			);
			dependencies = (
			);
			name = Stokz;
			productName = Stokz;
			productReference = A2000000 /* Stokz.app */;
			productType = "com.apple.product-type.application";
		};
/* End PBXNativeTarget section */

/* Begin PBXProject section */
		A7000001 /* Project object */ = {
			isa = PBXProject;
			attributes = {
				BuildIndependentTargetsInParallel = 1;
				LastSwiftUpdateCheck = 1500;
				LastUpgradeCheck = 1500;
				TargetAttributes = {
					A5000001 = {
						CreatedOnToolsVersion = 15.0;
					};
				};
			};
			buildConfigurationList = A6000002 /* Build configuration list for PBXProject "Stokz" */;
			compatibilityVersion = "Xcode 14.0";
			developmentRegion = en;
			hasScannedForEncodings = 0;
			knownRegions = (
				en,
				Base,
			);
			mainGroup = A4000000;
			productRefGroup = A4000002 /* Products */;
			projectDirPath = "";
			projectRoot = "";
			targets = (
				A5000001 /* Stokz */,
			);
		};
/* End PBXProject section */

/* Begin PBXResourcesBuildPhase section */
		A3000003 /* Resources */ = {
			isa = PBXResourcesBuildPhase;
			buildActionMask = 2147483647;
			files = (
				A1000003 /* Assets.xcassets in Resources */,
				A1000027 /* stock_data_bundle.json in Resources */,
			);
			runOnlyForDeploymentPostprocessing = 0;
		};
/* End PBXResourcesBuildPhase section */

/* Begin PBXSourcesBuildPhase section */
		A3000002 /* Sources */ = {
			isa = PBXSourcesBuildPhase;
			buildActionMask = 2147483647;
			files = (
				A1000001 /* StokzApp.swift in Sources */,
				A1000002 /* ContentView.swift in Sources */,
				A1000004 /* Models.swift in Sources */,
				A1000005 /* PortfolioManager.swift in Sources */,
				A1000006 /* GoogleSheetsService.swift in Sources */,
				A1000007 /* StockPriceService.swift in Sources */,
				A1000008 /* AuthenticationService.swift in Sources */,
				A1000009 /* PortfolioView.swift in Sources */,
				A1000010 /* UsersView.swift in Sources */,
				A1000011 /* StocksView.swift in Sources */,
				A1000012 /* LeaderboardView.swift in Sources */,
				A1000013 /* PerformanceChartView.swift in Sources */,
				A1000014 /* StockRowView.swift in Sources */,
				A1000015 /* UserRowView.swift in Sources */,
				A1000016 /* AddStockView.swift in Sources */,
				A1000017 /* AdjustAllocationView.swift in Sources */,
				A1000018 /* UserPortfolioView.swift in Sources */,
				A1000019 /* AppState.swift in Sources */,
				A1000020 /* Extensions.swift in Sources */,
				A1000021 /* Logger.swift in Sources */,
				A1000025 /* LocalLLMService.swift in Sources */,
				A1000026 /* AIContext.swift in Sources */,
				A1000028 /* StockDataService.swift in Sources */,
				A1000024 /* SettingsView.swift in Sources */,
				A1000029 /* StockDiscoveryView.swift in Sources */,
				A1000030 /* LlamaContext.swift in Sources */,
			);
			runOnlyForDeploymentPostprocessing = 0;
		};
/* End PBXSourcesBuildPhase section */

/* Begin XCBuildConfiguration section */
		A8000001 /* Debug */ = {
			isa = XCBuildConfiguration;
			buildSettings = {
				ALWAYS_SEARCH_USER_PATHS = NO;
				ASSETCATALOG_COMPILER_GENERATE_SWIFT_ASSET_SYMBOL_EXTENSIONS = YES;
				CLANG_ANALYZER_NONNULL = YES;
				CLANG_ANALYZER_NUMBER_OBJECT_CONVERSION = YES_AGGRESSIVE;
				CLANG_CXX_LANGUAGE_STANDARD = "gnu++20";
				CLANG_ENABLE_MODULES = YES;
				CLANG_ENABLE_OBJC_ARC = YES;
				CLANG_ENABLE_OBJC_WEAK = YES;
				CLANG_WARN_BLOCK_CAPTURE_AUTORELEASING = YES;
				CLANG_WARN_BOOL_CONVERSION = YES;
				CLANG_WARN_COMMA = YES;
				CLANG_WARN_CONSTANT_CONVERSION = YES;
				CLANG_WARN_DEPRECATED_OBJC_IMPLEMENTATIONS = YES;
				CLANG_WARN_DIRECT_OBJC_ISA_USAGE = YES_ERROR;
				CLANG_WARN_DOCUMENTATION_COMMENTS = YES;
				CLANG_WARN_EMPTY_BODY = YES;
				CLANG_WARN_ENUM_CONVERSION = YES;
				CLANG_WARN_INFINITE_RECURSION = YES;
				CLANG_WARN_INT_CONVERSION = YES;
				CLANG_WARN_NON_LITERAL_NULL_CONVERSION = YES;
				CLANG_WARN_OBJC_IMPLICIT_RETAIN_SELF = YES;
				CLANG_WARN_OBJC_LITERAL_CONVERSION = YES;
				CLANG_WARN_OBJC_ROOT_CLASS = YES_ERROR;
				CLANG_WARN_QUOTED_INCLUDE_IN_FRAMEWORK_HEADER = YES;
				CLANG_WARN_RANGE_LOOP_ANALYSIS = YES;
				CLANG_WARN_STRICT_PROTOTYPES = YES;
				CLANG_WARN_SUSPICIOUS_MOVE = YES;
				CLANG_WARN_UNGUARDED_AVAILABILITY = YES_AGGRESSIVE;
				CLANG_WARN_UNREACHABLE_CODE = YES;
				CLANG_WARN__DUPLICATE_METHOD_MATCH = YES;
				COPY_PHASE_STRIP = NO;
				DEBUG_INFORMATION_FORMAT = dwarf;
				ENABLE_STRICT_OBJC_MSGSEND = YES;
				ENABLE_TESTABILITY = YES;
				ENABLE_USER_SCRIPT_SANDBOXING = YES;
				GCC_C_LANGUAGE_STANDARD = gnu17;
				GCC_DYNAMIC_NO_PIC = NO;
				GCC_NO_COMMON_BLOCKS = YES;
				GCC_OPTIMIZATION_LEVEL = 0;
				GCC_PREPROCESSOR_DEFINITIONS = (
					"DEBUG=1",
					"$(inherited)",
				);
				GCC_WARN_64_TO_32_BIT_CONVERSION = YES;
				GCC_WARN_ABOUT_RETURN_TYPE = YES_ERROR;
				GCC_WARN_UNDECLARED_SELECTOR = YES;
				GCC_WARN_UNINITIALIZED_AUTOS = YES_AGGRESSIVE;
				GCC_WARN_UNUSED_FUNCTION = YES;
				GCC_WARN_UNUSED_VARIABLE = YES;
				IPHONEOS_DEPLOYMENT_TARGET = 17.0;
				LOCALIZATION_PREFERS_STRING_CATALOGS = YES;
				MTL_ENABLE_DEBUG_INFO = INCLUDE_SOURCE;
				MTL_FAST_MATH = YES;
				ONLY_ACTIVE_ARCH = YES;
				SDKROOT = iphoneos;
				SWIFT_ACTIVE_COMPILATION_CONDITIONS = "DEBUG $(inherited)";
				SWIFT_OPTIMIZATION_LEVEL = "-Onone";
			};
			name = Debug;
		};
		A8000002 /* Release */ = {
			isa = XCBuildConfiguration;
			buildSettings = {
				ALWAYS_SEARCH_USER_PATHS = NO;
				ASSETCATALOG_COMPILER_GENERATE_SWIFT_ASSET_SYMBOL_EXTENSIONS = YES;
				CLANG_ANALYZER_NONNULL = YES;
				CLANG_ANALYZER_NUMBER_OBJECT_CONVERSION = YES_AGGRESSIVE;
				CLANG_CXX_LANGUAGE_STANDARD = "gnu++20";
				CLANG_ENABLE_MODULES = YES;
				CLANG_ENABLE_OBJC_ARC = YES;
				CLANG_ENABLE_OBJC_WEAK = YES;
				CLANG_WARN_BLOCK_CAPTURE_AUTORELEASING = YES;
				CLANG_WARN_BOOL_CONVERSION = YES;
				CLANG_WARN_COMMA = YES;
				CLANG_WARN_CONSTANT_CONVERSION = YES;
				CLANG_WARN_DEPRECATED_OBJC_IMPLEMENTATIONS = YES;
				CLANG_WARN_DIRECT_OBJC_ISA_USAGE = YES_ERROR;
				CLANG_WARN_DOCUMENTATION_COMMENTS = YES;
				CLANG_WARN_EMPTY_BODY = YES;
				CLANG_WARN_ENUM_CONVERSION = YES;
				CLANG_WARN_INFINITE_RECURSION = YES;
				CLANG_WARN_INT_CONVERSION = YES;
				CLANG_WARN_NON_LITERAL_NULL_CONVERSION = YES;
				CLANG_WARN_OBJC_IMPLICIT_RETAIN_SELF = YES;
				CLANG_WARN_OBJC_LITERAL_CONVERSION = YES;
				CLANG_WARN_OBJC_ROOT_CLASS = YES_ERROR;
				CLANG_WARN_QUOTED_INCLUDE_IN_FRAMEWORK_HEADER = YES;
				CLANG_WARN_RANGE_LOOP_ANALYSIS = YES;
				CLANG_WARN_STRICT_PROTOTYPES = YES;
				CLANG_WARN_SUSPICIOUS_MOVE = YES;
				CLANG_WARN_UNGUARDED_AVAILABILITY = YES_AGGRESSIVE;
				CLANG_WARN_UNREACHABLE_CODE = YES;
				CLANG_WARN__DUPLICATE_METHOD_MATCH = YES;
				COPY_PHASE_STRIP = NO;
				DEBUG_INFORMATION_FORMAT = "dwarf-with-dsym";
				ENABLE_NS_ASSERTIONS = NO;
				ENABLE_STRICT_OBJC_MSGSEND = YES;
				ENABLE_USER_SCRIPT_SANDBOXING = YES;
				GCC_C_LANGUAGE_STANDARD = gnu17;
				GCC_NO_COMMON_BLOCKS = YES;
				GCC_WARN_64_TO_32_BIT_CONVERSION = YES;
				GCC_WARN_ABOUT_RETURN_TYPE = YES_ERROR;
				GCC_WARN_UNDECLARED_SELECTOR = YES;
				GCC_WARN_UNINITIALIZED_AUTOS = YES_AGGRESSIVE;
				GCC_WARN_UNUSED_FUNCTION = YES;
				GCC_WARN_UNUSED_VARIABLE = YES;
				IPHONEOS_DEPLOYMENT_TARGET = 17.0;
				LOCALIZATION_PREFERS_STRING_CATALOGS = YES;
				MTL_ENABLE_DEBUG_INFO = NO;
				MTL_FAST_MATH = YES;
				SDKROOT = iphoneos;
				SWIFT_COMPILATION_MODE = wholemodule;
				VALIDATE_PRODUCT = YES;
			};
			name = Release;
		};
		A8000003 /* Debug */ = {
			isa = XCBuildConfiguration;
			buildSettings = {
				ASSETCATALOG_COMPILER_APPICON_NAME = AppIcon;
				ASSETCATALOG_COMPILER_GLOBAL_ACCENT_COLOR_NAME = AccentColor;
				CODE_SIGN_STYLE = Automatic;
				CURRENT_PROJECT_VERSION = 14;
				DEVELOPMENT_ASSET_PATHS = "";
				DEVELOPMENT_TEAM = MSW9JQ3H2Q;
				ENABLE_PREVIEWS = YES;
				GENERATE_INFOPLIST_FILE = YES;
				INFOPLIST_FILE = Stokz/Info.plist;
				INFOPLIST_KEY_UIApplicationSceneManifest_Generation = YES;
				INFOPLIST_KEY_UIApplicationSupportsIndirectInputEvents = YES;
				INFOPLIST_KEY_UILaunchScreen_Generation = YES;
				INFOPLIST_KEY_UISupportedInterfaceOrientations_iPad = "UIInterfaceOrientationPortrait UIInterfaceOrientationPortraitUpsideDown UIInterfaceOrientationLandscapeLeft UIInterfaceOrientationLandscapeRight";
				INFOPLIST_KEY_UISupportedInterfaceOrientations_iPhone = "UIInterfaceOrientationPortrait UIInterfaceOrientationLandscapeLeft UIInterfaceOrientationLandscapeRight";
				LD_RUNPATH_SEARCH_PATHS = (
					"$(inherited)",
					"@executable_path/Frameworks",
				);
				MARKETING_VERSION = 1.0;
				PRODUCT_BUNDLE_IDENTIFIER = com.stokz.app;
				PRODUCT_NAME = "$(TARGET_NAME)";
				SWIFT_EMIT_LOC_STRINGS = YES;
				SWIFT_VERSION = 5.0;
				TARGETED_DEVICE_FAMILY = "1,2";
			};
			name = Debug;
		};
		A8000004 /* Release */ = {
			isa = XCBuildConfiguration;
			buildSettings = {
				ASSETCATALOG_COMPILER_APPICON_NAME = AppIcon;
				ASSETCATALOG_COMPILER_GLOBAL_ACCENT_COLOR_NAME = AccentColor;
				CODE_SIGN_STYLE = Automatic;
				CURRENT_PROJECT_VERSION = 14;
				DEVELOPMENT_ASSET_PATHS = "";
				DEVELOPMENT_TEAM = MSW9JQ3H2Q;
				ENABLE_PREVIEWS = YES;
				GENERATE_INFOPLIST_FILE = YES;
				INFOPLIST_FILE = Stokz/Info.plist;
				INFOPLIST_KEY_UIApplicationSceneManifest_Generation = YES;
				INFOPLIST_KEY_UIApplicationSupportsIndirectInputEvents = YES;
				INFOPLIST_KEY_UILaunchScreen_Generation = YES;
				INFOPLIST_KEY_UISupportedInterfaceOrientations_iPad = "UIInterfaceOrientationPortrait UIInterfaceOrientationPortraitUpsideDown UIInterfaceOrientationLandscapeLeft UIInterfaceOrientationLandscapeRight";
				INFOPLIST_KEY_UISupportedInterfaceOrientations_iPhone = "UIInterfaceOrientationPortrait UIInterfaceOrientationLandscapeLeft UIInterfaceOrientationLandscapeRight";
				LD_RUNPATH_SEARCH_PATHS = (
					"$(inherited)",
					"@executable_path/Frameworks",
				);
				MARKETING_VERSION = 1.0;
				PRODUCT_BUNDLE_IDENTIFIER = com.stokz.app;
				PRODUCT_NAME = "$(TARGET_NAME)";
				SWIFT_EMIT_LOC_STRINGS = YES;
				SWIFT_VERSION = 5.0;
				TARGETED_DEVICE_FAMILY = "1,2";
			};
			name = Release;
		};
/* End XCBuildConfiguration section */

/* Begin XCConfigurationList section */
		A6000001 /* Build configuration list for PBXNativeTarget "Stokz" */ = {
			isa = XCConfigurationList;
			buildConfigurations = (
				A8000003 /* Debug */,
				A8000004 /* Release */,
			);
			defaultConfigurationIsVisible = 0;
			defaultConfigurationName = Release;
		};
		A6000002 /* Build configuration list for PBXProject "Stokz" */ = {
			isa = XCConfigurationList;
			buildConfigurations = (
				A8000001 /* Debug */,
				A8000002 /* Release */,
			);
			defaultConfigurationIsVisible = 0;
			defaultConfigurationName = Release;
		};
/* End XCConfigurationList section */
	};
	rootObject = A7000001 /* Project object */;
}
